{
  "name": "actions-setup-cage",
  "lockfileVersion": 3,
  "requires": true,
  "packages": {
    "": {
      "name": "actions-setup-cage",
      "license": "MIT",
      "dependencies": {
        "@loilo-inc/actions-setup-cage": "^0.5.7"
      }
    },
    "node_modules/@loilo-inc/actions-setup-cage": {
      "version": "0.5.7",
      "resolved": "https://npm.pkg.github.com/download/@loilo-inc/actions-setup-cage/0.5.7/3b534d9d08808a5fbf50bdfd67a12029969608af",
      "integrity": "sha512-E6Muy88AvZDxvOBo+rMSt9rkNsWI9xK9CCOP934FWCUlfOYdmqDTgbluXiCVLDSDeZSE5mFDFycf+058ACnUbw==",
      "license": "MIT"
    }
  }
}
