{
  "name": "actions-setup-cage",
  "lockfileVersion": 3,
  "requires": true,
  "packages": {
    "": {
      "name": "actions-setup-cage",
      "license": "MIT",
      "dependencies": {
        "@loilo-inc/actions-setup-cage": "^0.5.6"
      }
    },
    "node_modules/@loilo-inc/actions-setup-cage": {
      "version": "0.5.6",
      "resolved": "https://npm.pkg.github.com/download/@loilo-inc/actions-setup-cage/0.5.6/d6889abc3b981ae81d3d789c008bcc543abc78c7",
      "integrity": "sha512-J77wD19imc83zo6kYeg3w3onXaahjfYY0drLpbE8RVSUg96bIJvNSkJ66TsVJKxSMQpRAQP96ptxtc/P8fo2mQ==",
      "license": "MIT"
    }
  }
}
